{
  "pins" : [
    {
      "identity" : "amsmb2",
      "kind" : "remoteSourceControl",
      "location" : "https://github.com/amosavian/AMSMB2.git",
      "state" : {
        "branch" : "master",
        "revision" : "497ce6e3d39f36b1b5af44f56b9a1273b6c91164"
      }
    },
    {
      "identity" : "youtubekit",
      "kind" : "remoteSourceControl",
      "location" : "https://github.com/alexeichhorn/YouTubeKit.git",
      "state" : {
        "revision" : "068403f2b7523c7620eab257e64402f722821e05",
        "version" : "0.4.3"
      }
    }
  ],
  "version" : 2
}
